# THIS IS AN AUTOGENERATED FILE. DO NOT EDIT THIS FILE DIRECTLY.
# yarn lockfile v1


"@dereckmezquita/datatable@^0.0.34-dev.0":
  version "0.0.34-dev.0"
  resolved "https://registry.yarnpkg.com/@dereckmezquita/datatable/-/datatable-0.0.34-dev.0.tgz#2e0fed9071b367cd8d6a3f1f1e96e14b809657f5"
  integrity sha512-a3uhGC4ToqHR9cxBunNdn+P6vSeEpZGyT2B+oraVxG6JB2fKu4YXOpHJZAzkfbZFj8621ahxjVOZ/uCkOBpQmA==
